
Microsoft Visual Studio Solution File, Format Version 12.00
# Visual Studio Version 17
VisualStudioVersion = 17.9.34622.214
MinimumVisualStudioVersion = 10.0.40219.1
Project("{9A19103F-16F7-4668-BE54-9A1E7A4F7556}") = "UnitTest", "UnitTest.csproj", "{76B493BA-87C2-41F0-85CB-DE32FBDBE3FB}"
EndProject
Global
	GlobalSection(SolutionConfigurationPlatforms) = preSolution
		Debug|Any CPU = Debug|Any CPU
		Release|Any CPU = Release|Any CPU
	EndGlobalSection
	GlobalSection(ProjectConfigurationPlatforms) = postSolution
		{76B493BA-87C2-41F0-85CB-DE32FBDBE3FB}.Debug|Any CPU.ActiveCfg = Debug|Any CPU
		{76B493BA-87C2-41F0-85CB-DE32FBDBE3FB}.Debug|Any CPU.Build.0 = Debug|Any CPU
		{76B493BA-87C2-41F0-85CB-DE32FBDBE3FB}.Release|Any CPU.ActiveCfg = Release|Any CPU
		{76B493BA-87C2-41F0-85CB-DE32FBDBE3FB}.Release|Any CPU.Build.0 = Release|Any CPU
	EndGlobalSection
	GlobalSection(SolutionProperties) = preSolution
		HideSolutionNode = FALSE
	EndGlobalSection
	GlobalSection(ExtensibilityGlobals) = postSolution
		SolutionGuid = {AD2219ED-98A8-44FD-BD8B-66BA272459DA}
	EndGlobalSection
EndGlobal
